
Microsoft Visual Studio Solution File, Format Version 12.00
# Visual Studio Version 17
VisualStudioVersion = 17.0.31903.59
MinimumVisualStudioVersion = 10.0.40219.1
Project("{FAE04EC0-301F-11D3-BF4B-00C04F79EFBC}") = "API", "API\API.csproj", "{FCFB2573-8EE7-40F2-9E85-C139E0AC66F7}"
EndProject
Global
	GlobalSection(SolutionConfigurationPlatforms) = preSolution
		Debug|Any CPU = Debug|Any CPU
		Release|Any CPU = Release|Any CPU
	EndGlobalSection
	GlobalSection(ProjectConfigurationPlatforms) = postSolution
		{FCFB2573-8EE7-40F2-9E85-C139E0AC66F7}.Debug|Any CPU.ActiveCfg = Debug|Any CPU
		{FCFB2573-8EE7-40F2-9E85-C139E0AC66F7}.Debug|Any CPU.Build.0 = Debug|Any CPU
		{FCFB2573-8EE7-40F2-9E85-C139E0AC66F7}.Release|Any CPU.ActiveCfg = Release|Any CPU
		{FCFB2573-8EE7-40F2-9E85-C139E0AC66F7}.Release|Any CPU.Build.0 = Release|Any CPU
	EndGlobalSection
	GlobalSection(SolutionProperties) = preSolution
		HideSolutionNode = FALSE
	EndGlobalSection
EndGlobal
